Microsoft Visual Studio Solution File, Format Version 11.00
# Visual Studio 2010
Project("{8BC9CEB8-8B4A-11D0-8D11-00A0C91BC942}") = "x-ray", "x-ray.vcxproj", "{39670EBD-DE85-475D-9213-2C8D1873BABC}"
EndProject
Project("{8BC9CEB8-8B4A-11D0-8D11-00A0C91BC942}") = "x-ray-window", "x-ray-window\x-ray-window.vcxproj", "{4478E155-ADF1-499B-B567-15A24BA9FE34}"
EndProject
Project("{2150E333-8FDC-42A3-9474-1A3956D46DE8}") = "Plugins", "Plugins", "{5AC3C902-0BB6-4B55-A93F-1FE3E3EB6AE1}"
EndProject
Project("{8BC9CEB8-8B4A-11D0-8D11-00A0C91BC942}") = "transparency", "plugins\transparency\transparency.vcxproj", "{319E779D-7F83-409C-B9D1-C4B47614FCDA}"
	ProjectSection(ProjectDependencies) = postProject
		{39670EBD-DE85-475D-9213-2C8D1873BABC} = {39670EBD-DE85-475D-9213-2C8D1873BABC}
	EndProjectSection
EndProject
Project("{8BC9CEB8-8B4A-11D0-8D11-00A0C91BC942}") = "default", "plugins\default\default.vcxproj", "{4A274481-B1F4-4C8E-A22E-0FF6D37132A8}"
	ProjectSection(ProjectDependencies) = postProject
		{39670EBD-DE85-475D-9213-2C8D1873BABC} = {39670EBD-DE85-475D-9213-2C8D1873BABC}
	EndProjectSection
EndProject
Project("{8BC9CEB8-8B4A-11D0-8D11-00A0C91BC942}") = "cornellbox", "plugins\cornellbox\cornellbox.vcxproj", "{95297B11-6563-4AD5-8591-FBCB7B927AF7}"
	ProjectSection(ProjectDependencies) = postProject
		{39670EBD-DE85-475D-9213-2C8D1873BABC} = {39670EBD-DE85-475D-9213-2C8D1873BABC}
	EndProjectSection
EndProject
Project("{8BC9CEB8-8B4A-11D0-8D11-00A0C91BC942}") = "cornellbox_spheres", "plugins\cornellbox_spheres\cornellbox_spheres.vcxproj", "{CBBFEADB-8360-401D-BF2C-B5E4B281B4CE}"
	ProjectSection(ProjectDependencies) = postProject
		{39670EBD-DE85-475D-9213-2C8D1873BABC} = {39670EBD-DE85-475D-9213-2C8D1873BABC}
	EndProjectSection
EndProject
Project("{8BC9CEB8-8B4A-11D0-8D11-00A0C91BC942}") = "cornellbox_horse", "plugins\cornellbox_horse\cornellbox_horse.vcxproj", "{BA85545F-63C1-4BEC-AEAC-5B7B5AE53539}"
	ProjectSection(ProjectDependencies) = postProject
		{39670EBD-DE85-475D-9213-2C8D1873BABC} = {39670EBD-DE85-475D-9213-2C8D1873BABC}
	EndProjectSection
EndProject
Project("{8BC9CEB8-8B4A-11D0-8D11-00A0C91BC942}") = "T-Rex", "plugins\T-Rex\T-Rex.vcxproj", "{B12DEBA4-B3AC-44C2-BF1B-ABAF0C8FB659}"
	ProjectSection(ProjectDependencies) = postProject
		{39670EBD-DE85-475D-9213-2C8D1873BABC} = {39670EBD-DE85-475D-9213-2C8D1873BABC}
	EndProjectSection
EndProject
Project("{8BC9CEB8-8B4A-11D0-8D11-00A0C91BC942}") = "t-rex_cornellbox", "plugins\t-rex_cornellbox\t-rex_cornellbox.vcxproj", "{383D17E1-3F2F-43D5-91CD-E9BBB5793E38}"
	ProjectSection(ProjectDependencies) = postProject
		{39670EBD-DE85-475D-9213-2C8D1873BABC} = {39670EBD-DE85-475D-9213-2C8D1873BABC}
	EndProjectSection
EndProject
Project("{8BC9CEB8-8B4A-11D0-8D11-00A0C91BC942}") = "marmor_wald", "plugins\marmor_wald\marmor_wald.vcxproj", "{AA5CC651-177D-4DE0-877E-8E71D36C5358}"
	ProjectSection(ProjectDependencies) = postProject
		{39670EBD-DE85-475D-9213-2C8D1873BABC} = {39670EBD-DE85-475D-9213-2C8D1873BABC}
	EndProjectSection
EndProject
Project("{8BC9CEB8-8B4A-11D0-8D11-00A0C91BC942}") = "flat_smooth_shading", "plugins\flat_smooth_shading\flat_smooth_shading.vcxproj", "{80CF5C81-92DD-4498-AC2E-C9A0EB790B07}"
	ProjectSection(ProjectDependencies) = postProject
		{39670EBD-DE85-475D-9213-2C8D1873BABC} = {39670EBD-DE85-475D-9213-2C8D1873BABC}
	EndProjectSection
EndProject
Project("{8BC9CEB8-8B4A-11D0-8D11-00A0C91BC942}") = "trex_normalmap", "plugins\trex_normalmap\trex_normalmap.vcxproj", "{B5B4F43A-46D9-460B-BBE1-27B443D52E5B}"
	ProjectSection(ProjectDependencies) = postProject
		{39670EBD-DE85-475D-9213-2C8D1873BABC} = {39670EBD-DE85-475D-9213-2C8D1873BABC}
	EndProjectSection
EndProject
Project("{8BC9CEB8-8B4A-11D0-8D11-00A0C91BC942}") = "sphere_skybox_photon", "plugins\sphere_skybox_photon\sphere_skybox_photon.vcxproj", "{3BB9181C-3F68-41C0-A7C1-617B8784E5BF}"
	ProjectSection(ProjectDependencies) = postProject
		{39670EBD-DE85-475D-9213-2C8D1873BABC} = {39670EBD-DE85-475D-9213-2C8D1873BABC}
	EndProjectSection
EndProject
Project("{8BC9CEB8-8B4A-11D0-8D11-00A0C91BC942}") = "bihtest", "plugins\bih_testscene\bih_testscene.vcxproj", "{F86A63A1-D7A6-4A64-A515-1E6F63373AC8}"
	ProjectSection(ProjectDependencies) = postProject
		{39670EBD-DE85-475D-9213-2C8D1873BABC} = {39670EBD-DE85-475D-9213-2C8D1873BABC}
	EndProjectSection
EndProject
Project("{8BC9CEB8-8B4A-11D0-8D11-00A0C91BC942}") = "bihbenchmark", "plugins\bihbenchmark\bihbenchmark.vcxproj", "{E313BDA9-653F-47AE-AB67-644D531A9397}"
	ProjectSection(ProjectDependencies) = postProject
		{39670EBD-DE85-475D-9213-2C8D1873BABC} = {39670EBD-DE85-475D-9213-2C8D1873BABC}
	EndProjectSection
EndProject
Project("{8BC9CEB8-8B4A-11D0-8D11-00A0C91BC942}") = "antialiasing", "plugins\antialiasing\antialiasing.vcxproj", "{7D5B64AD-E1F9-4DE7-BF71-FC3E99353952}"
	ProjectSection(ProjectDependencies) = postProject
		{39670EBD-DE85-475D-9213-2C8D1873BABC} = {39670EBD-DE85-475D-9213-2C8D1873BABC}
	EndProjectSection
EndProject
Global
	GlobalSection(TestCaseManagementSettings) = postSolution
		CategoryFile = x-ray.vsmdi
	EndGlobalSection
	GlobalSection(SolutionConfigurationPlatforms) = preSolution
		Debug|Win32 = Debug|Win32
		Debug|x64 = Debug|x64
		Release|Win32 = Release|Win32
		Release|x64 = Release|x64
	EndGlobalSection
	GlobalSection(ProjectConfigurationPlatforms) = postSolution
		{39670EBD-DE85-475D-9213-2C8D1873BABC}.Debug|Win32.ActiveCfg = Debug|Win32
		{39670EBD-DE85-475D-9213-2C8D1873BABC}.Debug|Win32.Build.0 = Debug|Win32
		{39670EBD-DE85-475D-9213-2C8D1873BABC}.Debug|x64.ActiveCfg = Debug|x64
		{39670EBD-DE85-475D-9213-2C8D1873BABC}.Debug|x64.Build.0 = Debug|x64
		{39670EBD-DE85-475D-9213-2C8D1873BABC}.Release|Win32.ActiveCfg = Release|Win32
		{39670EBD-DE85-475D-9213-2C8D1873BABC}.Release|Win32.Build.0 = Release|Win32
		{39670EBD-DE85-475D-9213-2C8D1873BABC}.Release|x64.ActiveCfg = Release|x64
		{39670EBD-DE85-475D-9213-2C8D1873BABC}.Release|x64.Build.0 = Release|x64
		{4478E155-ADF1-499B-B567-15A24BA9FE34}.Debug|Win32.ActiveCfg = Debug|Win32
		{4478E155-ADF1-499B-B567-15A24BA9FE34}.Debug|Win32.Build.0 = Debug|Win32
		{4478E155-ADF1-499B-B567-15A24BA9FE34}.Debug|x64.ActiveCfg = Debug|x64
		{4478E155-ADF1-499B-B567-15A24BA9FE34}.Debug|x64.Build.0 = Debug|x64
		{4478E155-ADF1-499B-B567-15A24BA9FE34}.Release|Win32.ActiveCfg = Release|Win32
		{4478E155-ADF1-499B-B567-15A24BA9FE34}.Release|Win32.Build.0 = Release|Win32
		{4478E155-ADF1-499B-B567-15A24BA9FE34}.Release|x64.ActiveCfg = Release|x64
		{4478E155-ADF1-499B-B567-15A24BA9FE34}.Release|x64.Build.0 = Release|x64
		{319E779D-7F83-409C-B9D1-C4B47614FCDA}.Debug|Win32.ActiveCfg = Debug|Win32
		{319E779D-7F83-409C-B9D1-C4B47614FCDA}.Debug|Win32.Build.0 = Debug|Win32
		{319E779D-7F83-409C-B9D1-C4B47614FCDA}.Debug|x64.ActiveCfg = Debug|x64
		{319E779D-7F83-409C-B9D1-C4B47614FCDA}.Debug|x64.Build.0 = Debug|x64
		{319E779D-7F83-409C-B9D1-C4B47614FCDA}.Release|Win32.ActiveCfg = Release|Win32
		{319E779D-7F83-409C-B9D1-C4B47614FCDA}.Release|Win32.Build.0 = Release|Win32
		{319E779D-7F83-409C-B9D1-C4B47614FCDA}.Release|x64.ActiveCfg = Release|x64
		{319E779D-7F83-409C-B9D1-C4B47614FCDA}.Release|x64.Build.0 = Release|x64
		{4A274481-B1F4-4C8E-A22E-0FF6D37132A8}.Debug|Win32.ActiveCfg = Debug|Win32
		{4A274481-B1F4-4C8E-A22E-0FF6D37132A8}.Debug|Win32.Build.0 = Debug|Win32
		{4A274481-B1F4-4C8E-A22E-0FF6D37132A8}.Debug|x64.ActiveCfg = Debug|x64
		{4A274481-B1F4-4C8E-A22E-0FF6D37132A8}.Debug|x64.Build.0 = Debug|x64
		{4A274481-B1F4-4C8E-A22E-0FF6D37132A8}.Release|Win32.ActiveCfg = Release|Win32
		{4A274481-B1F4-4C8E-A22E-0FF6D37132A8}.Release|Win32.Build.0 = Release|Win32
		{4A274481-B1F4-4C8E-A22E-0FF6D37132A8}.Release|x64.ActiveCfg = Release|x64
		{4A274481-B1F4-4C8E-A22E-0FF6D37132A8}.Release|x64.Build.0 = Release|x64
		{95297B11-6563-4AD5-8591-FBCB7B927AF7}.Debug|Win32.ActiveCfg = Debug|Win32
		{95297B11-6563-4AD5-8591-FBCB7B927AF7}.Debug|Win32.Build.0 = Debug|Win32
		{95297B11-6563-4AD5-8591-FBCB7B927AF7}.Debug|x64.ActiveCfg = Debug|x64
		{95297B11-6563-4AD5-8591-FBCB7B927AF7}.Debug|x64.Build.0 = Debug|x64
		{95297B11-6563-4AD5-8591-FBCB7B927AF7}.Release|Win32.ActiveCfg = Release|Win32
		{95297B11-6563-4AD5-8591-FBCB7B927AF7}.Release|Win32.Build.0 = Release|Win32
		{95297B11-6563-4AD5-8591-FBCB7B927AF7}.Release|x64.ActiveCfg = Release|x64
		{95297B11-6563-4AD5-8591-FBCB7B927AF7}.Release|x64.Build.0 = Release|x64
		{CBBFEADB-8360-401D-BF2C-B5E4B281B4CE}.Debug|Win32.ActiveCfg = Debug|Win32
		{CBBFEADB-8360-401D-BF2C-B5E4B281B4CE}.Debug|Win32.Build.0 = Debug|Win32
		{CBBFEADB-8360-401D-BF2C-B5E4B281B4CE}.Debug|x64.ActiveCfg = Debug|x64
		{CBBFEADB-8360-401D-BF2C-B5E4B281B4CE}.Debug|x64.Build.0 = Debug|x64
		{CBBFEADB-8360-401D-BF2C-B5E4B281B4CE}.Release|Win32.ActiveCfg = Release|Win32
		{CBBFEADB-8360-401D-BF2C-B5E4B281B4CE}.Release|Win32.Build.0 = Release|Win32
		{CBBFEADB-8360-401D-BF2C-B5E4B281B4CE}.Release|x64.ActiveCfg = Release|x64
		{CBBFEADB-8360-401D-BF2C-B5E4B281B4CE}.Release|x64.Build.0 = Release|x64
		{BA85545F-63C1-4BEC-AEAC-5B7B5AE53539}.Debug|Win32.ActiveCfg = Debug|Win32
		{BA85545F-63C1-4BEC-AEAC-5B7B5AE53539}.Debug|Win32.Build.0 = Debug|Win32
		{BA85545F-63C1-4BEC-AEAC-5B7B5AE53539}.Debug|x64.ActiveCfg = Debug|x64
		{BA85545F-63C1-4BEC-AEAC-5B7B5AE53539}.Debug|x64.Build.0 = Debug|x64
		{BA85545F-63C1-4BEC-AEAC-5B7B5AE53539}.Release|Win32.ActiveCfg = Release|Win32
		{BA85545F-63C1-4BEC-AEAC-5B7B5AE53539}.Release|Win32.Build.0 = Release|Win32
		{BA85545F-63C1-4BEC-AEAC-5B7B5AE53539}.Release|x64.ActiveCfg = Release|x64
		{BA85545F-63C1-4BEC-AEAC-5B7B5AE53539}.Release|x64.Build.0 = Release|x64
		{B12DEBA4-B3AC-44C2-BF1B-ABAF0C8FB659}.Debug|Win32.ActiveCfg = Debug|Win32
		{B12DEBA4-B3AC-44C2-BF1B-ABAF0C8FB659}.Debug|Win32.Build.0 = Debug|Win32
		{B12DEBA4-B3AC-44C2-BF1B-ABAF0C8FB659}.Debug|x64.ActiveCfg = Debug|x64
		{B12DEBA4-B3AC-44C2-BF1B-ABAF0C8FB659}.Debug|x64.Build.0 = Debug|x64
		{B12DEBA4-B3AC-44C2-BF1B-ABAF0C8FB659}.Release|Win32.ActiveCfg = Release|Win32
		{B12DEBA4-B3AC-44C2-BF1B-ABAF0C8FB659}.Release|Win32.Build.0 = Release|Win32
		{B12DEBA4-B3AC-44C2-BF1B-ABAF0C8FB659}.Release|x64.ActiveCfg = Release|x64
		{B12DEBA4-B3AC-44C2-BF1B-ABAF0C8FB659}.Release|x64.Build.0 = Release|x64
		{383D17E1-3F2F-43D5-91CD-E9BBB5793E38}.Debug|Win32.ActiveCfg = Debug|Win32
		{383D17E1-3F2F-43D5-91CD-E9BBB5793E38}.Debug|Win32.Build.0 = Debug|Win32
		{383D17E1-3F2F-43D5-91CD-E9BBB5793E38}.Debug|x64.ActiveCfg = Debug|x64
		{383D17E1-3F2F-43D5-91CD-E9BBB5793E38}.Debug|x64.Build.0 = Debug|x64
		{383D17E1-3F2F-43D5-91CD-E9BBB5793E38}.Release|Win32.ActiveCfg = Release|Win32
		{383D17E1-3F2F-43D5-91CD-E9BBB5793E38}.Release|Win32.Build.0 = Release|Win32
		{383D17E1-3F2F-43D5-91CD-E9BBB5793E38}.Release|x64.ActiveCfg = Release|x64
		{383D17E1-3F2F-43D5-91CD-E9BBB5793E38}.Release|x64.Build.0 = Release|x64
		{AA5CC651-177D-4DE0-877E-8E71D36C5358}.Debug|Win32.ActiveCfg = Debug|Win32
		{AA5CC651-177D-4DE0-877E-8E71D36C5358}.Debug|Win32.Build.0 = Debug|Win32
		{AA5CC651-177D-4DE0-877E-8E71D36C5358}.Debug|x64.ActiveCfg = Debug|x64
		{AA5CC651-177D-4DE0-877E-8E71D36C5358}.Debug|x64.Build.0 = Debug|x64
		{AA5CC651-177D-4DE0-877E-8E71D36C5358}.Release|Win32.ActiveCfg = Release|Win32
		{AA5CC651-177D-4DE0-877E-8E71D36C5358}.Release|Win32.Build.0 = Release|Win32
		{AA5CC651-177D-4DE0-877E-8E71D36C5358}.Release|x64.ActiveCfg = Release|x64
		{AA5CC651-177D-4DE0-877E-8E71D36C5358}.Release|x64.Build.0 = Release|x64
		{80CF5C81-92DD-4498-AC2E-C9A0EB790B07}.Debug|Win32.ActiveCfg = Debug|Win32
		{80CF5C81-92DD-4498-AC2E-C9A0EB790B07}.Debug|Win32.Build.0 = Debug|Win32
		{80CF5C81-92DD-4498-AC2E-C9A0EB790B07}.Debug|x64.ActiveCfg = Debug|x64
		{80CF5C81-92DD-4498-AC2E-C9A0EB790B07}.Debug|x64.Build.0 = Debug|x64
		{80CF5C81-92DD-4498-AC2E-C9A0EB790B07}.Release|Win32.ActiveCfg = Release|Win32
		{80CF5C81-92DD-4498-AC2E-C9A0EB790B07}.Release|Win32.Build.0 = Release|Win32
		{80CF5C81-92DD-4498-AC2E-C9A0EB790B07}.Release|x64.ActiveCfg = Release|x64
		{80CF5C81-92DD-4498-AC2E-C9A0EB790B07}.Release|x64.Build.0 = Release|x64
		{B5B4F43A-46D9-460B-BBE1-27B443D52E5B}.Debug|Win32.ActiveCfg = Debug|Win32
		{B5B4F43A-46D9-460B-BBE1-27B443D52E5B}.Debug|Win32.Build.0 = Debug|Win32
		{B5B4F43A-46D9-460B-BBE1-27B443D52E5B}.Debug|x64.ActiveCfg = Debug|x64
		{B5B4F43A-46D9-460B-BBE1-27B443D52E5B}.Debug|x64.Build.0 = Debug|x64
		{B5B4F43A-46D9-460B-BBE1-27B443D52E5B}.Release|Win32.ActiveCfg = Release|Win32
		{B5B4F43A-46D9-460B-BBE1-27B443D52E5B}.Release|Win32.Build.0 = Release|Win32
		{B5B4F43A-46D9-460B-BBE1-27B443D52E5B}.Release|x64.ActiveCfg = Release|x64
		{B5B4F43A-46D9-460B-BBE1-27B443D52E5B}.Release|x64.Build.0 = Release|x64
		{3BB9181C-3F68-41C0-A7C1-617B8784E5BF}.Debug|Win32.ActiveCfg = Debug|Win32
		{3BB9181C-3F68-41C0-A7C1-617B8784E5BF}.Debug|Win32.Build.0 = Debug|Win32
		{3BB9181C-3F68-41C0-A7C1-617B8784E5BF}.Debug|x64.ActiveCfg = Debug|x64
		{3BB9181C-3F68-41C0-A7C1-617B8784E5BF}.Debug|x64.Build.0 = Debug|x64
		{3BB9181C-3F68-41C0-A7C1-617B8784E5BF}.Release|Win32.ActiveCfg = Release|Win32
		{3BB9181C-3F68-41C0-A7C1-617B8784E5BF}.Release|Win32.Build.0 = Release|Win32
		{3BB9181C-3F68-41C0-A7C1-617B8784E5BF}.Release|x64.ActiveCfg = Release|x64
		{3BB9181C-3F68-41C0-A7C1-617B8784E5BF}.Release|x64.Build.0 = Release|x64
		{F86A63A1-D7A6-4A64-A515-1E6F63373AC8}.Debug|Win32.ActiveCfg = Debug|Win32
		{F86A63A1-D7A6-4A64-A515-1E6F63373AC8}.Debug|Win32.Build.0 = Debug|Win32
		{F86A63A1-D7A6-4A64-A515-1E6F63373AC8}.Debug|x64.ActiveCfg = Debug|x64
		{F86A63A1-D7A6-4A64-A515-1E6F63373AC8}.Debug|x64.Build.0 = Debug|x64
		{F86A63A1-D7A6-4A64-A515-1E6F63373AC8}.Release|Win32.ActiveCfg = Release|Win32
		{F86A63A1-D7A6-4A64-A515-1E6F63373AC8}.Release|Win32.Build.0 = Release|Win32
		{F86A63A1-D7A6-4A64-A515-1E6F63373AC8}.Release|x64.ActiveCfg = Release|x64
		{F86A63A1-D7A6-4A64-A515-1E6F63373AC8}.Release|x64.Build.0 = Release|x64
		{E313BDA9-653F-47AE-AB67-644D531A9397}.Debug|Win32.ActiveCfg = Debug|Win32
		{E313BDA9-653F-47AE-AB67-644D531A9397}.Debug|Win32.Build.0 = Debug|Win32
		{E313BDA9-653F-47AE-AB67-644D531A9397}.Debug|x64.ActiveCfg = Debug|x64
		{E313BDA9-653F-47AE-AB67-644D531A9397}.Debug|x64.Build.0 = Debug|x64
		{E313BDA9-653F-47AE-AB67-644D531A9397}.Release|Win32.ActiveCfg = Release|Win32
		{E313BDA9-653F-47AE-AB67-644D531A9397}.Release|Win32.Build.0 = Release|Win32
		{E313BDA9-653F-47AE-AB67-644D531A9397}.Release|x64.ActiveCfg = Release|x64
		{E313BDA9-653F-47AE-AB67-644D531A9397}.Release|x64.Build.0 = Release|x64
		{7D5B64AD-E1F9-4DE7-BF71-FC3E99353952}.Debug|Win32.ActiveCfg = Debug|Win32
		{7D5B64AD-E1F9-4DE7-BF71-FC3E99353952}.Debug|Win32.Build.0 = Debug|Win32
		{7D5B64AD-E1F9-4DE7-BF71-FC3E99353952}.Debug|x64.ActiveCfg = Debug|x64
		{7D5B64AD-E1F9-4DE7-BF71-FC3E99353952}.Debug|x64.Build.0 = Debug|x64
		{7D5B64AD-E1F9-4DE7-BF71-FC3E99353952}.Release|Win32.ActiveCfg = Release|Win32
		{7D5B64AD-E1F9-4DE7-BF71-FC3E99353952}.Release|Win32.Build.0 = Release|Win32
		{7D5B64AD-E1F9-4DE7-BF71-FC3E99353952}.Release|x64.ActiveCfg = Release|x64
		{7D5B64AD-E1F9-4DE7-BF71-FC3E99353952}.Release|x64.Build.0 = Release|x64
	EndGlobalSection
	GlobalSection(SolutionProperties) = preSolution
		HideSolutionNode = FALSE
	EndGlobalSection
	GlobalSection(NestedProjects) = preSolution
		{319E779D-7F83-409C-B9D1-C4B47614FCDA} = {5AC3C902-0BB6-4B55-A93F-1FE3E3EB6AE1}
		{4A274481-B1F4-4C8E-A22E-0FF6D37132A8} = {5AC3C902-0BB6-4B55-A93F-1FE3E3EB6AE1}
		{95297B11-6563-4AD5-8591-FBCB7B927AF7} = {5AC3C902-0BB6-4B55-A93F-1FE3E3EB6AE1}
		{CBBFEADB-8360-401D-BF2C-B5E4B281B4CE} = {5AC3C902-0BB6-4B55-A93F-1FE3E3EB6AE1}
		{BA85545F-63C1-4BEC-AEAC-5B7B5AE53539} = {5AC3C902-0BB6-4B55-A93F-1FE3E3EB6AE1}
		{B12DEBA4-B3AC-44C2-BF1B-ABAF0C8FB659} = {5AC3C902-0BB6-4B55-A93F-1FE3E3EB6AE1}
		{383D17E1-3F2F-43D5-91CD-E9BBB5793E38} = {5AC3C902-0BB6-4B55-A93F-1FE3E3EB6AE1}
		{AA5CC651-177D-4DE0-877E-8E71D36C5358} = {5AC3C902-0BB6-4B55-A93F-1FE3E3EB6AE1}
		{80CF5C81-92DD-4498-AC2E-C9A0EB790B07} = {5AC3C902-0BB6-4B55-A93F-1FE3E3EB6AE1}
		{B5B4F43A-46D9-460B-BBE1-27B443D52E5B} = {5AC3C902-0BB6-4B55-A93F-1FE3E3EB6AE1}
		{3BB9181C-3F68-41C0-A7C1-617B8784E5BF} = {5AC3C902-0BB6-4B55-A93F-1FE3E3EB6AE1}
		{F86A63A1-D7A6-4A64-A515-1E6F63373AC8} = {5AC3C902-0BB6-4B55-A93F-1FE3E3EB6AE1}
		{E313BDA9-653F-47AE-AB67-644D531A9397} = {5AC3C902-0BB6-4B55-A93F-1FE3E3EB6AE1}
		{7D5B64AD-E1F9-4DE7-BF71-FC3E99353952} = {5AC3C902-0BB6-4B55-A93F-1FE3E3EB6AE1}
	EndGlobalSection
EndGlobal
